
Microsoft Visual Studio Solution File, Format Version 12.00
# Visual Studio Version 17
VisualStudioVersion = 17.1.32210.238
MinimumVisualStudioVersion = 10.0.40219.1
Project("{9A19103F-16F7-4668-BE54-9A1E7A4F7556}") = "EFCoreTest", "EFCoreTest.csproj", "{F090BF2B-7557-4992-A7E7-822ECF91734C}"
EndProject
Project("{9A19103F-16F7-4668-BE54-9A1E7A4F7556}") = "EFCoreAutomaticMigration", "EFCoreAutomaticMigration\EFCoreAutomaticMigration.csproj", "{AF7C1E37-D177-4BA5-92B1-4E6ABAC67FE9}"
EndProject
Global
	GlobalSection(SolutionConfigurationPlatforms) = preSolution
		Debug|Any CPU = Debug|Any CPU
		Release|Any CPU = Release|Any CPU
	EndGlobalSection
	GlobalSection(ProjectConfigurationPlatforms) = postSolution
		{F090BF2B-7557-4992-A7E7-822ECF91734C}.Debug|Any CPU.ActiveCfg = Debug|Any CPU
		{F090BF2B-7557-4992-A7E7-822ECF91734C}.Debug|Any CPU.Build.0 = Debug|Any CPU
		{F090BF2B-7557-4992-A7E7-822ECF91734C}.Release|Any CPU.ActiveCfg = Release|Any CPU
		{F090BF2B-7557-4992-A7E7-822ECF91734C}.Release|Any CPU.Build.0 = Release|Any CPU
		{AF7C1E37-D177-4BA5-92B1-4E6ABAC67FE9}.Debug|Any CPU.ActiveCfg = Debug|Any CPU
		{AF7C1E37-D177-4BA5-92B1-4E6ABAC67FE9}.Debug|Any CPU.Build.0 = Debug|Any CPU
		{AF7C1E37-D177-4BA5-92B1-4E6ABAC67FE9}.Release|Any CPU.ActiveCfg = Release|Any CPU
		{AF7C1E37-D177-4BA5-92B1-4E6ABAC67FE9}.Release|Any CPU.Build.0 = Release|Any CPU
	EndGlobalSection
	GlobalSection(SolutionProperties) = preSolution
		HideSolutionNode = FALSE
	EndGlobalSection
	GlobalSection(ExtensibilityGlobals) = postSolution
		SolutionGuid = {6F9DD006-760E-4A77-A048-9668AAE9FC0E}
	EndGlobalSection
EndGlobal
